
Microsoft Visual Studio Solution File, Format Version 12.00
# Visual Studio Version 16
VisualStudioVersion = 16.0.34601.136
MinimumVisualStudioVersion = 10.0.40219.1
Project("{FAE04EC0-301F-11D3-BF4B-00C04F79EFBC}") = "Lession02.LVH", "Lession02.LVH\Lession02.LVH.csproj", "{784C4B33-ECE9-48CE-887E-4BC3062F01FC}"
EndProject
Global
	GlobalSection(SolutionConfigurationPlatforms) = preSolution
		Debug|Any CPU = Debug|Any CPU
		Release|Any CPU = Release|Any CPU
	EndGlobalSection
	GlobalSection(ProjectConfigurationPlatforms) = postSolution
		{784C4B33-ECE9-48CE-887E-4BC3062F01FC}.Debug|Any CPU.ActiveCfg = Debug|Any CPU
		{784C4B33-ECE9-48CE-887E-4BC3062F01FC}.Debug|Any CPU.Build.0 = Debug|Any CPU
		{784C4B33-ECE9-48CE-887E-4BC3062F01FC}.Release|Any CPU.ActiveCfg = Release|Any CPU
		{784C4B33-ECE9-48CE-887E-4BC3062F01FC}.Release|Any CPU.Build.0 = Release|Any CPU
	EndGlobalSection
	GlobalSection(SolutionProperties) = preSolution
		HideSolutionNode = FALSE
	EndGlobalSection
	GlobalSection(ExtensibilityGlobals) = postSolution
		SolutionGuid = {D6CBA235-A0A2-439D-AFD5-8232CEA0AFBC}
	EndGlobalSection
EndGlobal
