
Microsoft Visual Studio Solution File, Format Version 12.00
# Visual Studio Version 16
VisualStudioVersion = 16.0.34601.136
MinimumVisualStudioVersion = 10.0.40219.1
Project("{FAE04EC0-301F-11D3-BF4B-00C04F79EFBC}") = "Lession04.LVH", "Lession04.LVH\Lession04.LVH.csproj", "{3A0A14D4-026C-4972-8298-4492051335D1}"
EndProject
Global
	GlobalSection(SolutionConfigurationPlatforms) = preSolution
		Debug|Any CPU = Debug|Any CPU
		Release|Any CPU = Release|Any CPU
	EndGlobalSection
	GlobalSection(ProjectConfigurationPlatforms) = postSolution
		{3A0A14D4-026C-4972-8298-4492051335D1}.Debug|Any CPU.ActiveCfg = Debug|Any CPU
		{3A0A14D4-026C-4972-8298-4492051335D1}.Debug|Any CPU.Build.0 = Debug|Any CPU
		{3A0A14D4-026C-4972-8298-4492051335D1}.Release|Any CPU.ActiveCfg = Release|Any CPU
		{3A0A14D4-026C-4972-8298-4492051335D1}.Release|Any CPU.Build.0 = Release|Any CPU
	EndGlobalSection
	GlobalSection(SolutionProperties) = preSolution
		HideSolutionNode = FALSE
	EndGlobalSection
	GlobalSection(ExtensibilityGlobals) = postSolution
		SolutionGuid = {A63C1E6F-D1C5-44D4-BD70-BD5EC20712A8}
	EndGlobalSection
EndGlobal
